// !$*UTF8*$!
{
	archiveVersion = 1;
	classes = {
	};
	objectVersion = 50;
	objects = {

/* Begin PBXBuildFile section */
		F0222F2726DE3C5D0002EA16 /* AppDelegate.swift in Sources */ = {isa = PBXBuildFile; fileRef = F0222F2626DE3C5D0002EA16 /* AppDelegate.swift */; };
		F0222F2926DE3C5D0002EA16 /* SceneDelegate.swift in Sources */ = {isa = PBXBuildFile; fileRef = F0222F2826DE3C5D0002EA16 /* SceneDelegate.swift */; };
		F0222F2B26DE3C5D0002EA16 /* ViewController.swift in Sources */ = {isa = PBXBuildFile; fileRef = F0222F2A26DE3C5D0002EA16 /* ViewController.swift */; };
		F0222F2E26DE3C5D0002EA16 /* Main.storyboard in Resources */ = {isa = PBXBuildFile; fileRef = F0222F2C26DE3C5D0002EA16 /* Main.storyboard */; };
		F0222F3026DE3C5F0002EA16 /* Assets.xcassets in Resources */ = {isa = PBXBuildFile; fileRef = F0222F2F26DE3C5F0002EA16 /* Assets.xcassets */; };
		F0222F3326DE3C5F0002EA16 /* LaunchScreen.storyboard in Resources */ = {isa = PBXBuildFile; fileRef = F0222F3126DE3C5F0002EA16 /* LaunchScreen.storyboard */; };
		F0222F4126DE3D440002EA16 /* Stack.swift in Sources */ = {isa = PBXBuildFile; fileRef = F0222F4026DE3D440002EA16 /* Stack.swift */; };
		F0222F4326DE821E0002EA16 /* TreeDataStructure.swift in Sources */ = {isa = PBXBuildFile; fileRef = F0222F4226DE821E0002EA16 /* TreeDataStructure.swift */; };
		F025DAD3279148C100D0FF38 /* FrequentlyAskedQN.swift in Sources */ = {isa = PBXBuildFile; fileRef = F025DAD2279148C100D0FF38 /* FrequentlyAskedQN.swift */; };
		F02AC3C92793E6CA00DF9020 /* URLSessionDataTaskViewController.swift in Sources */ = {isa = PBXBuildFile; fileRef = F02AC3C82793E6CA00DF9020 /* URLSessionDataTaskViewController.swift */; };
		F02AC3CB2793E86F00DF9020 /* SessionViewModel.swift in Sources */ = {isa = PBXBuildFile; fileRef = F02AC3CA2793E86F00DF9020 /* SessionViewModel.swift */; };
		F02AC3D02794501000DF9020 /* User.swift in Sources */ = {isa = PBXBuildFile; fileRef = F02AC3CF2794501000DF9020 /* User.swift */; };
		F02AC3D22794853E00DF9020 /* CustomTViewCell.swift in Sources */ = {isa = PBXBuildFile; fileRef = F02AC3D12794853E00DF9020 /* CustomTViewCell.swift */; };
		F0346C3226FF4B8400745ADD /* LinkedList.swift in Sources */ = {isa = PBXBuildFile; fileRef = F0346C3126FF4B8400745ADD /* LinkedList.swift */; };
		F0346C3726FF64D100745ADD /* Networking.swift in Sources */ = {isa = PBXBuildFile; fileRef = F0346C3626FF64D100745ADD /* Networking.swift */; };
		F062C7E427003F5C00698053 /* ArrayDataStructure.swift in Sources */ = {isa = PBXBuildFile; fileRef = F062C7E327003F5C00698053 /* ArrayDataStructure.swift */; };
		F062C7E627003F8800698053 /* StringDataStructure.swift in Sources */ = {isa = PBXBuildFile; fileRef = F062C7E527003F8800698053 /* StringDataStructure.swift */; };
		F062C7E92700C9F000698053 /* SwiftLearning.swift in Sources */ = {isa = PBXBuildFile; fileRef = F062C7E82700C9F000698053 /* SwiftLearning.swift */; };
		F087AA0627BE9B2100F490BE /* Queue.swift in Sources */ = {isa = PBXBuildFile; fileRef = F087AA0527BE9B2100F490BE /* Queue.swift */; };
		F087AA0827BEB1CC00F490BE /* PriortyQueue.swift in Sources */ = {isa = PBXBuildFile; fileRef = F087AA0727BEB1CC00F490BE /* PriortyQueue.swift */; };
		F08FE70527C0A8B300E442E5 /* MaxHeap.swift in Sources */ = {isa = PBXBuildFile; fileRef = F08FE70427C0A8B300E442E5 /* MaxHeap.swift */; };
		F08FE70827C129FB00E442E5 /* RecursionQn.swift in Sources */ = {isa = PBXBuildFile; fileRef = F08FE70727C129FB00E442E5 /* RecursionQn.swift */; };
		F09B788828309CF0009BF1CF /* Documentation in Resources */ = {isa = PBXBuildFile; fileRef = F09B788728309CF0009BF1CF /* Documentation */; };
		F0BBB66B2718A60800C10CB8 /* NumberProgramming.swift in Sources */ = {isa = PBXBuildFile; fileRef = F0BBB66A2718A60800C10CB8 /* NumberProgramming.swift */; };
/* End PBXBuildFile section */

/* Begin PBXFileReference section */
		F0222F2326DE3C5D0002EA16 /* SwiftProgramming.app */ = {isa = PBXFileReference; explicitFileType = wrapper.application; includeInIndex = 0; path = SwiftProgramming.app; sourceTree = BUILT_PRODUCTS_DIR; };
		F0222F2626DE3C5D0002EA16 /* AppDelegate.swift */ = {isa = PBXFileReference; lastKnownFileType = sourcecode.swift; path = AppDelegate.swift; sourceTree = "<group>"; };
		F0222F2826DE3C5D0002EA16 /* SceneDelegate.swift */ = {isa = PBXFileReference; lastKnownFileType = sourcecode.swift; path = SceneDelegate.swift; sourceTree = "<group>"; };
		F0222F2A26DE3C5D0002EA16 /* ViewController.swift */ = {isa = PBXFileReference; lastKnownFileType = sourcecode.swift; path = ViewController.swift; sourceTree = "<group>"; };
		F0222F2D26DE3C5D0002EA16 /* Base */ = {isa = PBXFileReference; lastKnownFileType = file.storyboard; name = Base; path = Base.lproj/Main.storyboard; sourceTree = "<group>"; };
		F0222F2F26DE3C5F0002EA16 /* Assets.xcassets */ = {isa = PBXFileReference; lastKnownFileType = folder.assetcatalog; path = Assets.xcassets; sourceTree = "<group>"; };
		F0222F3226DE3C5F0002EA16 /* Base */ = {isa = PBXFileReference; lastKnownFileType = file.storyboard; name = Base; path = Base.lproj/LaunchScreen.storyboard; sourceTree = "<group>"; };
		F0222F3426DE3C5F0002EA16 /* Info.plist */ = {isa = PBXFileReference; lastKnownFileType = text.plist.xml; path = Info.plist; sourceTree = "<group>"; };
		F0222F4026DE3D440002EA16 /* Stack.swift */ = {isa = PBXFileReference; lastKnownFileType = sourcecode.swift; path = Stack.swift; sourceTree = "<group>"; };
		F0222F4226DE821E0002EA16 /* TreeDataStructure.swift */ = {isa = PBXFileReference; lastKnownFileType = sourcecode.swift; path = TreeDataStructure.swift; sourceTree = "<group>"; };
		F025DAD2279148C100D0FF38 /* FrequentlyAskedQN.swift */ = {isa = PBXFileReference; lastKnownFileType = sourcecode.swift; path = FrequentlyAskedQN.swift; sourceTree = "<group>"; };
		F02AC3C82793E6CA00DF9020 /* URLSessionDataTaskViewController.swift */ = {isa = PBXFileReference; lastKnownFileType = sourcecode.swift; path = URLSessionDataTaskViewController.swift; sourceTree = "<group>"; };
		F02AC3CA2793E86F00DF9020 /* SessionViewModel.swift */ = {isa = PBXFileReference; lastKnownFileType = sourcecode.swift; path = SessionViewModel.swift; sourceTree = "<group>"; };
		F02AC3CF2794501000DF9020 /* User.swift */ = {isa = PBXFileReference; lastKnownFileType = sourcecode.swift; path = User.swift; sourceTree = "<group>"; };
		F02AC3D12794853E00DF9020 /* CustomTViewCell.swift */ = {isa = PBXFileReference; lastKnownFileType = sourcecode.swift; path = CustomTViewCell.swift; sourceTree = "<group>"; };
		F0346C3126FF4B8400745ADD /* LinkedList.swift */ = {isa = PBXFileReference; lastKnownFileType = sourcecode.swift; path = LinkedList.swift; sourceTree = "<group>"; };
		F0346C3626FF64D100745ADD /* Networking.swift */ = {isa = PBXFileReference; lastKnownFileType = sourcecode.swift; path = Networking.swift; sourceTree = "<group>"; };
		F062C7E327003F5C00698053 /* ArrayDataStructure.swift */ = {isa = PBXFileReference; lastKnownFileType = sourcecode.swift; path = ArrayDataStructure.swift; sourceTree = "<group>"; };
		F062C7E527003F8800698053 /* StringDataStructure.swift */ = {isa = PBXFileReference; lastKnownFileType = sourcecode.swift; path = StringDataStructure.swift; sourceTree = "<group>"; };
		F062C7E82700C9F000698053 /* SwiftLearning.swift */ = {isa = PBXFileReference; lastKnownFileType = sourcecode.swift; path = SwiftLearning.swift; sourceTree = "<group>"; };
		F087AA0527BE9B2100F490BE /* Queue.swift */ = {isa = PBXFileReference; lastKnownFileType = sourcecode.swift; path = Queue.swift; sourceTree = "<group>"; };
		F087AA0727BEB1CC00F490BE /* PriortyQueue.swift */ = {isa = PBXFileReference; lastKnownFileType = sourcecode.swift; path = PriortyQueue.swift; sourceTree = "<group>"; };
		F08FE70427C0A8B300E442E5 /* MaxHeap.swift */ = {isa = PBXFileReference; lastKnownFileType = sourcecode.swift; path = MaxHeap.swift; sourceTree = "<group>"; };
		F08FE70727C129FB00E442E5 /* RecursionQn.swift */ = {isa = PBXFileReference; lastKnownFileType = sourcecode.swift; path = RecursionQn.swift; sourceTree = "<group>"; };
		F09B788728309CF0009BF1CF /* Documentation */ = {isa = PBXFileReference; lastKnownFileType = text; path = Documentation; sourceTree = "<group>"; };
		F0BBB66A2718A60800C10CB8 /* NumberProgramming.swift */ = {isa = PBXFileReference; lastKnownFileType = sourcecode.swift; path = NumberProgramming.swift; sourceTree = "<group>"; };
/* End PBXFileReference section */

/* Begin PBXFrameworksBuildPhase section */
		F0222F2026DE3C5D0002EA16 /* Frameworks */ = {
			isa = PBXFrameworksBuildPhase;
			buildActionMask = 2147483647;
			files = (
			);
			runOnlyForDeploymentPostprocessing = 0;
		};
/* End PBXFrameworksBuildPhase section */

/* Begin PBXGroup section */
		F0222F1A26DE3C5D0002EA16 = {
			isa = PBXGroup;
			children = (
				F09B788628309CD0009BF1CF /* Doc */,
				F0222F2A26DE3C5D0002EA16 /* ViewController.swift */,
				F02AC3C72793E5F600DF9020 /* URLSessionAPICall */,
				F0222F2526DE3C5D0002EA16 /* SwiftProgramming */,
				F0222F2426DE3C5D0002EA16 /* Products */,
			);
			sourceTree = "<group>";
		};
		F0222F2426DE3C5D0002EA16 /* Products */ = {
			isa = PBXGroup;
			children = (
				F0222F2326DE3C5D0002EA16 /* SwiftProgramming.app */,
			);
			name = Products;
			sourceTree = "<group>";
		};
		F0222F2526DE3C5D0002EA16 /* SwiftProgramming */ = {
			isa = PBXGroup;
			children = (
				F08FE70627C129DE00E442E5 /* Recursion */,
				F025DAD12791487300D0FF38 /* FrequentlyAskedProgrammingQn */,
				F0BBB6692718A5E700C10CB8 /* Number */,
				F062C7E72700C9B500698053 /* Swift Learning */,
				F0346C3526FF64AE00745ADD /* NetworkCall */,
				F0346C3426FF4D8500745ADD /* String */,
				F0346C3326FF4D7D00745ADD /* Array */,
				F0222F3D26DE3C970002EA16 /* Linkedlist */,
				F08FE70327C0A89D00E442E5 /* Heap */,
				F087AA0427BE9AF400F490BE /* Queue */,
				F0222F3C26DE3C8C0002EA16 /* Stack */,
				F0222F3B26DE3C830002EA16 /* Graph */,
				F0222F3A26DE3C700002EA16 /* Tree */,
				F0222F2626DE3C5D0002EA16 /* AppDelegate.swift */,
				F0222F2826DE3C5D0002EA16 /* SceneDelegate.swift */,
				F0222F2C26DE3C5D0002EA16 /* Main.storyboard */,
				F0222F2F26DE3C5F0002EA16 /* Assets.xcassets */,
				F0222F3126DE3C5F0002EA16 /* LaunchScreen.storyboard */,
				F0222F3426DE3C5F0002EA16 /* Info.plist */,
			);
			path = SwiftProgramming;
			sourceTree = "<group>";
		};
		F0222F3A26DE3C700002EA16 /* Tree */ = {
			isa = PBXGroup;
			children = (
				F0222F4226DE821E0002EA16 /* TreeDataStructure.swift */,
			);
			path = Tree;
			sourceTree = "<group>";
		};
		F0222F3B26DE3C830002EA16 /* Graph */ = {
			isa = PBXGroup;
			children = (
			);
			path = Graph;
			sourceTree = "<group>";
		};
		F0222F3C26DE3C8C0002EA16 /* Stack */ = {
			isa = PBXGroup;
			children = (
				F0222F4026DE3D440002EA16 /* Stack.swift */,
			);
			path = Stack;
			sourceTree = "<group>";
		};
		F0222F3D26DE3C970002EA16 /* Linkedlist */ = {
			isa = PBXGroup;
			children = (
				F0346C3126FF4B8400745ADD /* LinkedList.swift */,
			);
			path = Linkedlist;
			sourceTree = "<group>";
		};
		F025DAD12791487300D0FF38 /* FrequentlyAskedProgrammingQn */ = {
			isa = PBXGroup;
			children = (
				F025DAD2279148C100D0FF38 /* FrequentlyAskedQN.swift */,
			);
			path = FrequentlyAskedProgrammingQn;
			sourceTree = "<group>";
		};
		F02AC3C72793E5F600DF9020 /* URLSessionAPICall */ = {
			isa = PBXGroup;
			children = (
				F02AC3CE27944FE600DF9020 /* ViewModel */,
				F02AC3CD27944FDF00DF9020 /* View */,
				F02AC3CC27944FD700DF9020 /* Model */,
			);
			path = URLSessionAPICall;
			sourceTree = "<group>";
		};
		F02AC3CC27944FD700DF9020 /* Model */ = {
			isa = PBXGroup;
			children = (
				F02AC3CF2794501000DF9020 /* User.swift */,
			);
			path = Model;
			sourceTree = "<group>";
		};
		F02AC3CD27944FDF00DF9020 /* View */ = {
			isa = PBXGroup;
			children = (
				F02AC3C82793E6CA00DF9020 /* URLSessionDataTaskViewController.swift */,
				F02AC3D12794853E00DF9020 /* CustomTViewCell.swift */,
			);
			path = View;
			sourceTree = "<group>";
		};
		F02AC3CE27944FE600DF9020 /* ViewModel */ = {
			isa = PBXGroup;
			children = (
				F02AC3CA2793E86F00DF9020 /* SessionViewModel.swift */,
			);
			path = ViewModel;
			sourceTree = "<group>";
		};
		F0346C3326FF4D7D00745ADD /* Array */ = {
			isa = PBXGroup;
			children = (
				F062C7E327003F5C00698053 /* ArrayDataStructure.swift */,
			);
			path = Array;
			sourceTree = "<group>";
		};
		F0346C3426FF4D8500745ADD /* String */ = {
			isa = PBXGroup;
			children = (
				F062C7E527003F8800698053 /* StringDataStructure.swift */,
			);
			path = String;
			sourceTree = "<group>";
		};
		F0346C3526FF64AE00745ADD /* NetworkCall */ = {
			isa = PBXGroup;
			children = (
				F0346C3626FF64D100745ADD /* Networking.swift */,
			);
			path = NetworkCall;
			sourceTree = "<group>";
		};
		F062C7E72700C9B500698053 /* Swift Learning */ = {
			isa = PBXGroup;
			children = (
				F062C7E82700C9F000698053 /* SwiftLearning.swift */,
			);
			path = "Swift Learning";
			sourceTree = "<group>";
		};
		F087AA0427BE9AF400F490BE /* Queue */ = {
			isa = PBXGroup;
			children = (
				F087AA0527BE9B2100F490BE /* Queue.swift */,
				F087AA0727BEB1CC00F490BE /* PriortyQueue.swift */,
			);
			path = Queue;
			sourceTree = "<group>";
		};
		F08FE70327C0A89D00E442E5 /* Heap */ = {
			isa = PBXGroup;
			children = (
				F08FE70427C0A8B300E442E5 /* MaxHeap.swift */,
			);
			path = Heap;
			sourceTree = "<group>";
		};
		F08FE70627C129DE00E442E5 /* Recursion */ = {
			isa = PBXGroup;
			children = (
				F08FE70727C129FB00E442E5 /* RecursionQn.swift */,
			);
			path = Recursion;
			sourceTree = "<group>";
		};
		F09B788628309CD0009BF1CF /* Doc */ = {
			isa = PBXGroup;
			children = (
				F09B788728309CF0009BF1CF /* Documentation */,
			);
			path = Doc;
			sourceTree = "<group>";
		};
		F0BBB6692718A5E700C10CB8 /* Number */ = {
			isa = PBXGroup;
			children = (
				F0BBB66A2718A60800C10CB8 /* NumberProgramming.swift */,
			);
			path = Number;
			sourceTree = "<group>";
		};
/* End PBXGroup section */

/* Begin PBXNativeTarget section */
		F0222F2226DE3C5D0002EA16 /* SwiftProgramming */ = {
			isa = PBXNativeTarget;
			buildConfigurationList = F0222F3726DE3C5F0002EA16 /* Build configuration list for PBXNativeTarget "SwiftProgramming" */;
			buildPhases = (
				F0222F1F26DE3C5D0002EA16 /* Sources */,
				F0222F2026DE3C5D0002EA16 /* Frameworks */,
				F0222F2126DE3C5D0002EA16 /* Resources */,
			);
			buildRules = (
			);
			dependencies = (
			);
			name = SwiftProgramming;
			productName = SwiftProgramming;
			productReference = F0222F2326DE3C5D0002EA16 /* SwiftProgramming.app */;
			productType = "com.apple.product-type.application";
		};
/* End PBXNativeTarget section */

/* Begin PBXProject section */
		F0222F1B26DE3C5D0002EA16 /* Project object */ = {
			isa = PBXProject;
			attributes = {
				LastSwiftUpdateCheck = 1250;
				LastUpgradeCheck = 1250;
				TargetAttributes = {
					F0222F2226DE3C5D0002EA16 = {
						CreatedOnToolsVersion = 12.5;
					};
				};
			};
			buildConfigurationList = F0222F1E26DE3C5D0002EA16 /* Build configuration list for PBXProject "SwiftProgramming" */;
			compatibilityVersion = "Xcode 9.3";
			developmentRegion = en;
			hasScannedForEncodings = 0;
			knownRegions = (
				en,
				Base,
			);
			mainGroup = F0222F1A26DE3C5D0002EA16;
			productRefGroup = F0222F2426DE3C5D0002EA16 /* Products */;
			projectDirPath = "";
			projectRoot = "";
			targets = (
				F0222F2226DE3C5D0002EA16 /* SwiftProgramming */,
			);
		};
/* End PBXProject section */

/* Begin PBXResourcesBuildPhase section */
		F0222F2126DE3C5D0002EA16 /* Resources */ = {
			isa = PBXResourcesBuildPhase;
			buildActionMask = 2147483647;
			files = (
				F0222F3326DE3C5F0002EA16 /* LaunchScreen.storyboard in Resources */,
				F0222F3026DE3C5F0002EA16 /* Assets.xcassets in Resources */,
				F0222F2E26DE3C5D0002EA16 /* Main.storyboard in Resources */,
				F09B788828309CF0009BF1CF /* Documentation in Resources */,
			);
			runOnlyForDeploymentPostprocessing = 0;
		};
/* End PBXResourcesBuildPhase section */

/* Begin PBXSourcesBuildPhase section */
		F0222F1F26DE3C5D0002EA16 /* Sources */ = {
			isa = PBXSourcesBuildPhase;
			buildActionMask = 2147483647;
			files = (
				F025DAD3279148C100D0FF38 /* FrequentlyAskedQN.swift in Sources */,
				F08FE70827C129FB00E442E5 /* RecursionQn.swift in Sources */,
				F062C7E627003F8800698053 /* StringDataStructure.swift in Sources */,
				F0222F2B26DE3C5D0002EA16 /* ViewController.swift in Sources */,
				F062C7E427003F5C00698053 /* ArrayDataStructure.swift in Sources */,
				F08FE70527C0A8B300E442E5 /* MaxHeap.swift in Sources */,
				F0222F4126DE3D440002EA16 /* Stack.swift in Sources */,
				F0346C3726FF64D100745ADD /* Networking.swift in Sources */,
				F0BBB66B2718A60800C10CB8 /* NumberProgramming.swift in Sources */,
				F087AA0827BEB1CC00F490BE /* PriortyQueue.swift in Sources */,
				F02AC3C92793E6CA00DF9020 /* URLSessionDataTaskViewController.swift in Sources */,
				F02AC3D02794501000DF9020 /* User.swift in Sources */,
				F0222F2726DE3C5D0002EA16 /* AppDelegate.swift in Sources */,
				F02AC3D22794853E00DF9020 /* CustomTViewCell.swift in Sources */,
				F062C7E92700C9F000698053 /* SwiftLearning.swift in Sources */,
				F0222F4326DE821E0002EA16 /* TreeDataStructure.swift in Sources */,
				F02AC3CB2793E86F00DF9020 /* SessionViewModel.swift in Sources */,
				F087AA0627BE9B2100F490BE /* Queue.swift in Sources */,
				F0222F2926DE3C5D0002EA16 /* SceneDelegate.swift in Sources */,
				F0346C3226FF4B8400745ADD /* LinkedList.swift in Sources */,
			);
			runOnlyForDeploymentPostprocessing = 0;
		};
/* End PBXSourcesBuildPhase section */

/* Begin PBXVariantGroup section */
		F0222F2C26DE3C5D0002EA16 /* Main.storyboard */ = {
			isa = PBXVariantGroup;
			children = (
				F0222F2D26DE3C5D0002EA16 /* Base */,
			);
			name = Main.storyboard;
			sourceTree = "<group>";
		};
		F0222F3126DE3C5F0002EA16 /* LaunchScreen.storyboard */ = {
			isa = PBXVariantGroup;
			children = (
				F0222F3226DE3C5F0002EA16 /* Base */,
			);
			name = LaunchScreen.storyboard;
			sourceTree = "<group>";
		};
/* End PBXVariantGroup section */

/* Begin XCBuildConfiguration section */
		F0222F3526DE3C5F0002EA16 /* Debug */ = {
			isa = XCBuildConfiguration;
			buildSettings = {
				ALWAYS_SEARCH_USER_PATHS = NO;
				CLANG_ANALYZER_NONNULL = YES;
				CLANG_ANALYZER_NUMBER_OBJECT_CONVERSION = YES_AGGRESSIVE;
				CLANG_CXX_LANGUAGE_STANDARD = "gnu++14";
				CLANG_CXX_LIBRARY = "libc++";
				CLANG_ENABLE_MODULES = YES;
				CLANG_ENABLE_OBJC_ARC = YES;
				CLANG_ENABLE_OBJC_WEAK = YES;
				CLANG_WARN_BLOCK_CAPTURE_AUTORELEASING = YES;
				CLANG_WARN_BOOL_CONVERSION = YES;
				CLANG_WARN_COMMA = YES;
				CLANG_WARN_CONSTANT_CONVERSION = YES;
				CLANG_WARN_DEPRECATED_OBJC_IMPLEMENTATIONS = YES;
				CLANG_WARN_DIRECT_OBJC_ISA_USAGE = YES_ERROR;
				CLANG_WARN_DOCUMENTATION_COMMENTS = YES;
				CLANG_WARN_EMPTY_BODY = YES;
				CLANG_WARN_ENUM_CONVERSION = YES;
				CLANG_WARN_INFINITE_RECURSION = YES;
				CLANG_WARN_INT_CONVERSION = YES;
				CLANG_WARN_NON_LITERAL_NULL_CONVERSION = YES;
				CLANG_WARN_OBJC_IMPLICIT_RETAIN_SELF = YES;
				CLANG_WARN_OBJC_LITERAL_CONVERSION = YES;
				CLANG_WARN_OBJC_ROOT_CLASS = YES_ERROR;
				CLANG_WARN_QUOTED_INCLUDE_IN_FRAMEWORK_HEADER = YES;
				CLANG_WARN_RANGE_LOOP_ANALYSIS = YES;
				CLANG_WARN_STRICT_PROTOTYPES = YES;
				CLANG_WARN_SUSPICIOUS_MOVE = YES;
				CLANG_WARN_UNGUARDED_AVAILABILITY = YES_AGGRESSIVE;
				CLANG_WARN_UNREACHABLE_CODE = YES;
				CLANG_WARN__DUPLICATE_METHOD_MATCH = YES;
				COPY_PHASE_STRIP = NO;
				DEBUG_INFORMATION_FORMAT = dwarf;
				ENABLE_STRICT_OBJC_MSGSEND = YES;
				ENABLE_TESTABILITY = YES;
				GCC_C_LANGUAGE_STANDARD = gnu11;
				GCC_DYNAMIC_NO_PIC = NO;
				GCC_NO_COMMON_BLOCKS = YES;
				GCC_OPTIMIZATION_LEVEL = 0;
				GCC_PREPROCESSOR_DEFINITIONS = (
					"DEBUG=1",
					"$(inherited)",
				);
				GCC_WARN_64_TO_32_BIT_CONVERSION = YES;
				GCC_WARN_ABOUT_RETURN_TYPE = YES_ERROR;
				GCC_WARN_UNDECLARED_SELECTOR = YES;
				GCC_WARN_UNINITIALIZED_AUTOS = YES_AGGRESSIVE;
				GCC_WARN_UNUSED_FUNCTION = YES;
				GCC_WARN_UNUSED_VARIABLE = YES;
				IPHONEOS_DEPLOYMENT_TARGET = 14.5;
				MTL_ENABLE_DEBUG_INFO = INCLUDE_SOURCE;
				MTL_FAST_MATH = YES;
				ONLY_ACTIVE_ARCH = YES;
				SDKROOT = iphoneos;
				SWIFT_ACTIVE_COMPILATION_CONDITIONS = DEBUG;
				SWIFT_OPTIMIZATION_LEVEL = "-Onone";
			};
			name = Debug;
		};
		F0222F3626DE3C5F0002EA16 /* Release */ = {
			isa = XCBuildConfiguration;
			buildSettings = {
				ALWAYS_SEARCH_USER_PATHS = NO;
				CLANG_ANALYZER_NONNULL = YES;
				CLANG_ANALYZER_NUMBER_OBJECT_CONVERSION = YES_AGGRESSIVE;
				CLANG_CXX_LANGUAGE_STANDARD = "gnu++14";
				CLANG_CXX_LIBRARY = "libc++";
				CLANG_ENABLE_MODULES = YES;
				CLANG_ENABLE_OBJC_ARC = YES;
				CLANG_ENABLE_OBJC_WEAK = YES;
				CLANG_WARN_BLOCK_CAPTURE_AUTORELEASING = YES;
				CLANG_WARN_BOOL_CONVERSION = YES;
				CLANG_WARN_COMMA = YES;
				CLANG_WARN_CONSTANT_CONVERSION = YES;
				CLANG_WARN_DEPRECATED_OBJC_IMPLEMENTATIONS = YES;
				CLANG_WARN_DIRECT_OBJC_ISA_USAGE = YES_ERROR;
				CLANG_WARN_DOCUMENTATION_COMMENTS = YES;
				CLANG_WARN_EMPTY_BODY = YES;
				CLANG_WARN_ENUM_CONVERSION = YES;
				CLANG_WARN_INFINITE_RECURSION = YES;
				CLANG_WARN_INT_CONVERSION = YES;
				CLANG_WARN_NON_LITERAL_NULL_CONVERSION = YES;
				CLANG_WARN_OBJC_IMPLICIT_RETAIN_SELF = YES;
				CLANG_WARN_OBJC_LITERAL_CONVERSION = YES;
				CLANG_WARN_OBJC_ROOT_CLASS = YES_ERROR;
				CLANG_WARN_QUOTED_INCLUDE_IN_FRAMEWORK_HEADER = YES;
				CLANG_WARN_RANGE_LOOP_ANALYSIS = YES;
				CLANG_WARN_STRICT_PROTOTYPES = YES;
				CLANG_WARN_SUSPICIOUS_MOVE = YES;
				CLANG_WARN_UNGUARDED_AVAILABILITY = YES_AGGRESSIVE;
				CLANG_WARN_UNREACHABLE_CODE = YES;
				CLANG_WARN__DUPLICATE_METHOD_MATCH = YES;
				COPY_PHASE_STRIP = NO;
				DEBUG_INFORMATION_FORMAT = "dwarf-with-dsym";
				ENABLE_NS_ASSERTIONS = NO;
				ENABLE_STRICT_OBJC_MSGSEND = YES;
				GCC_C_LANGUAGE_STANDARD = gnu11;
				GCC_NO_COMMON_BLOCKS = YES;
				GCC_WARN_64_TO_32_BIT_CONVERSION = YES;
				GCC_WARN_ABOUT_RETURN_TYPE = YES_ERROR;
				GCC_WARN_UNDECLARED_SELECTOR = YES;
				GCC_WARN_UNINITIALIZED_AUTOS = YES_AGGRESSIVE;
				GCC_WARN_UNUSED_FUNCTION = YES;
				GCC_WARN_UNUSED_VARIABLE = YES;
				IPHONEOS_DEPLOYMENT_TARGET = 14.5;
				MTL_ENABLE_DEBUG_INFO = NO;
				MTL_FAST_MATH = YES;
				SDKROOT = iphoneos;
				SWIFT_COMPILATION_MODE = wholemodule;
				SWIFT_OPTIMIZATION_LEVEL = "-O";
				VALIDATE_PRODUCT = YES;
			};
			name = Release;
		};
		F0222F3826DE3C5F0002EA16 /* Debug */ = {
			isa = XCBuildConfiguration;
			buildSettings = {
				ASSETCATALOG_COMPILER_APPICON_NAME = AppIcon;
				ASSETCATALOG_COMPILER_GLOBAL_ACCENT_COLOR_NAME = AccentColor;
				CODE_SIGN_STYLE = Automatic;
				INFOPLIST_FILE = SwiftProgramming/Info.plist;
				LD_RUNPATH_SEARCH_PATHS = (
					"$(inherited)",
					"@executable_path/Frameworks",
				);
				PRODUCT_BUNDLE_IDENTIFIER = com.identifier.test.SwiftProgramming;
				PRODUCT_NAME = "$(TARGET_NAME)";
				SWIFT_VERSION = 5.0;
				TARGETED_DEVICE_FAMILY = "1,2";
			};
			name = Debug;
		};
		F0222F3926DE3C5F0002EA16 /* Release */ = {
			isa = XCBuildConfiguration;
			buildSettings = {
				ASSETCATALOG_COMPILER_APPICON_NAME = AppIcon;
				ASSETCATALOG_COMPILER_GLOBAL_ACCENT_COLOR_NAME = AccentColor;
				CODE_SIGN_STYLE = Automatic;
				INFOPLIST_FILE = SwiftProgramming/Info.plist;
				LD_RUNPATH_SEARCH_PATHS = (
					"$(inherited)",
					"@executable_path/Frameworks",
				);
				PRODUCT_BUNDLE_IDENTIFIER = com.identifier.test.SwiftProgramming;
				PRODUCT_NAME = "$(TARGET_NAME)";
				SWIFT_VERSION = 5.0;
				TARGETED_DEVICE_FAMILY = "1,2";
			};
			name = Release;
		};
/* End XCBuildConfiguration section */

/* Begin XCConfigurationList section */
		F0222F1E26DE3C5D0002EA16 /* Build configuration list for PBXProject "SwiftProgramming" */ = {
			isa = XCConfigurationList;
			buildConfigurations = (
				F0222F3526DE3C5F0002EA16 /* Debug */,
				F0222F3626DE3C5F0002EA16 /* Release */,
			);
			defaultConfigurationIsVisible = 0;
			defaultConfigurationName = Release;
		};
		F0222F3726DE3C5F0002EA16 /* Build configuration list for PBXNativeTarget "SwiftProgramming" */ = {
			isa = XCConfigurationList;
			buildConfigurations = (
				F0222F3826DE3C5F0002EA16 /* Debug */,
				F0222F3926DE3C5F0002EA16 /* Release */,
			);
			defaultConfigurationIsVisible = 0;
			defaultConfigurationName = Release;
		};
/* End XCConfigurationList section */
	};
	rootObject = F0222F1B26DE3C5D0002EA16 /* Project object */;
}
